
Microsoft Visual Studio Solution File, Format Version 12.00
# Visual Studio Version 17
VisualStudioVersion = 17.11.35222.181
MinimumVisualStudioVersion = 10.0.40219.1
Project("{FAE04EC0-301F-11D3-BF4B-00C04F79EFBC}") = "utasszallitok", "utasszallitok.csproj", "{048E815B-A9B7-41D0-B1E7-D16EC7CC821E}"
EndProject
Global
	GlobalSection(SolutionConfigurationPlatforms) = preSolution
		Debug|Any CPU = Debug|Any CPU
		Release|Any CPU = Release|Any CPU
	EndGlobalSection
	GlobalSection(ProjectConfigurationPlatforms) = postSolution
		{048E815B-A9B7-41D0-B1E7-D16EC7CC821E}.Debug|Any CPU.ActiveCfg = Debug|Any CPU
		{048E815B-A9B7-41D0-B1E7-D16EC7CC821E}.Debug|Any CPU.Build.0 = Debug|Any CPU
		{048E815B-A9B7-41D0-B1E7-D16EC7CC821E}.Release|Any CPU.ActiveCfg = Release|Any CPU
		{048E815B-A9B7-41D0-B1E7-D16EC7CC821E}.Release|Any CPU.Build.0 = Release|Any CPU
	EndGlobalSection
	GlobalSection(SolutionProperties) = preSolution
		HideSolutionNode = FALSE
	EndGlobalSection
	GlobalSection(ExtensibilityGlobals) = postSolution
		SolutionGuid = {8662FFC5-07B6-4CC8-B8A1-60C87D1F4437}
	EndGlobalSection
EndGlobal
